
Microsoft Visual Studio Solution File, Format Version 12.00
Project("{FAE04EC0-301F-11D3-BF4B-00C04F79EFBC}") = "dtr_nne", "dtr_nne\dtr_nne.csproj", "{F1B41410-BBC9-4208-A791-45F951173C74}"
EndProject
Project("{FAE04EC0-301F-11D3-BF4B-00C04F79EFBC}") = "Tests", "Tests\Tests.csproj", "{1A89CE9F-49D8-46BF-B222-471B9463654C}"
EndProject
Global
	GlobalSection(SolutionConfigurationPlatforms) = preSolution
		Debug|Any CPU = Debug|Any CPU
		Release|Any CPU = Release|Any CPU
	EndGlobalSection
	GlobalSection(ProjectConfigurationPlatforms) = postSolution
		{F1B41410-BBC9-4208-A791-45F951173C74}.Debug|Any CPU.ActiveCfg = Debug|Any CPU
		{F1B41410-BBC9-4208-A791-45F951173C74}.Debug|Any CPU.Build.0 = Debug|Any CPU
		{F1B41410-BBC9-4208-A791-45F951173C74}.Release|Any CPU.ActiveCfg = Release|Any CPU
		{F1B41410-BBC9-4208-A791-45F951173C74}.Release|Any CPU.Build.0 = Release|Any CPU
		{1A89CE9F-49D8-46BF-B222-471B9463654C}.Debug|Any CPU.ActiveCfg = Debug|Any CPU
		{1A89CE9F-49D8-46BF-B222-471B9463654C}.Debug|Any CPU.Build.0 = Debug|Any CPU
		{1A89CE9F-49D8-46BF-B222-471B9463654C}.Release|Any CPU.ActiveCfg = Release|Any CPU
		{1A89CE9F-49D8-46BF-B222-471B9463654C}.Release|Any CPU.Build.0 = Release|Any CPU
	EndGlobalSection
EndGlobal
